
Microsoft Visual Studio Solution File, Format Version 12.00
# Visual Studio Version 17
VisualStudioVersion = 17.12.35707.178 d17.12
MinimumVisualStudioVersion = 10.0.40219.1
Project("{F184B08F-C81C-45F6-A57F-5ABD9991F28F}") = "MassRenamer", "MassRenamer\MassRenamer.vbproj", "{2C1D12D7-5F54-4504-B86C-CE7D05EA34C5}"
EndProject
Global
	GlobalSection(SolutionConfigurationPlatforms) = preSolution
		Debug|Any CPU = Debug|Any CPU
		Release|Any CPU = Release|Any CPU
	EndGlobalSection
	GlobalSection(ProjectConfigurationPlatforms) = postSolution
		{2C1D12D7-5F54-4504-B86C-CE7D05EA34C5}.Debug|Any CPU.ActiveCfg = Debug|Any CPU
		{2C1D12D7-5F54-4504-B86C-CE7D05EA34C5}.Debug|Any CPU.Build.0 = Debug|Any CPU
		{2C1D12D7-5F54-4504-B86C-CE7D05EA34C5}.Release|Any CPU.ActiveCfg = Release|Any CPU
		{2C1D12D7-5F54-4504-B86C-CE7D05EA34C5}.Release|Any CPU.Build.0 = Release|Any CPU
	EndGlobalSection
	GlobalSection(SolutionProperties) = preSolution
		HideSolutionNode = FALSE
	EndGlobalSection
EndGlobal
